
Microsoft Visual Studio Solution File, Format Version 12.00
# Visual Studio Version 17
VisualStudioVersion = 17.14.36301.6
MinimumVisualStudioVersion = 10.0.40219.1
Project("{2150E333-8FDC-42A3-9474-1A3956D46DE8}") = "FrontEnd", "FrontEnd", "{02EA681E-C7D8-13C7-8484-4AC65E1B71E8}"
EndProject
Project("{2150E333-8FDC-42A3-9474-1A3956D46DE8}") = "Services", "Services", "{27FD5F3C-25DA-4866-B6DD-4354588FC1CE}"
EndProject
Project("{FAE04EC0-301F-11D3-BF4B-00C04F79EFBC}") = "GeekShopping.Web", "GeekShopping.Web\GeekShopping.Web.csproj", "{CA68061E-4011-4025-A20D-127D7B9DF8DC}"
EndProject
Project("{FAE04EC0-301F-11D3-BF4B-00C04F79EFBC}") = "GeekShopping.ProductAPI", "GeekShopping.ProductAPI\GeekShopping.ProductAPI.csproj", "{2B80CC6D-643A-4D75-9E1A-D573C7DBABE2}"
EndProject
Project("{FAE04EC0-301F-11D3-BF4B-00C04F79EFBC}") = "GeekShopping.IdentityServer", "GeekShopping.IdentityServer\GeekShopping.IdentityServer.csproj", "{5F80EA83-A8BE-41FC-8409-46C8CE0B11CD}"
EndProject
Project("{FAE04EC0-301F-11D3-BF4B-00C04F79EFBC}") = "GeekShopping.CartAPI", "GeekShopping.CartAPI\GeekShopping.CartAPI.csproj", "{B38E27C2-D791-4C32-841E-B631B76A2634}"
EndProject
Project("{FAE04EC0-301F-11D3-BF4B-00C04F79EFBC}") = "GeekShopping.CouponAPI", "GeekShopping.CouponAPI\GeekShopping.CouponAPI.csproj", "{F33B9F7A-62AA-4AA7-8D6B-926CAF15ACC1}"
EndProject
Project("{2150E333-8FDC-42A3-9474-1A3956D46DE8}") = "Integration", "Integration", "{5C0074DA-302D-492D-A491-9F707BB2B8BC}"
EndProject
Project("{FAE04EC0-301F-11D3-BF4B-00C04F79EFBC}") = "GeekShopping.MessageBus", "GeekShopping.MessageBus\GeekShopping.MessageBus.csproj", "{B4F560A0-3056-4558-9F8C-5741B9865A6F}"
EndProject
Project("{FAE04EC0-301F-11D3-BF4B-00C04F79EFBC}") = "GeekShopping.OrderAPI", "GeekShopping.OrderAPI\GeekShopping.OrderAPI.csproj", "{D18ACDB6-8915-4280-8B40-BDABE8A60487}"
EndProject
Project("{2150E333-8FDC-42A3-9474-1A3956D46DE8}") = "Payments", "Payments", "{4952E7C2-2C52-47CF-8894-458CD6C822D1}"
EndProject
Project("{FAE04EC0-301F-11D3-BF4B-00C04F79EFBC}") = "GeekShopping.PaymentProcessor", "GeekShopping.PaymentProcessor\GeekShopping.PaymentProcessor.csproj", "{6836C1C6-B345-42E8-85BF-C250AEB87E96}"
EndProject
Project("{FAE04EC0-301F-11D3-BF4B-00C04F79EFBC}") = "GeekShopping.PaymentAPI", "GeekShopping.PaymentAPI\GeekShopping.PaymentAPI.csproj", "{D279BF33-2923-475F-9CAF-119E2CEF2D2C}"
EndProject
Project("{FAE04EC0-301F-11D3-BF4B-00C04F79EFBC}") = "GeekShopping.Email", "GeekShopping.Email\GeekShopping.Email.csproj", "{9A9B1ABD-DFF8-4224-A86B-199FBA4F525F}"
EndProject
Global
	GlobalSection(SolutionConfigurationPlatforms) = preSolution
		Debug|Any CPU = Debug|Any CPU
		Release|Any CPU = Release|Any CPU
	EndGlobalSection
	GlobalSection(ProjectConfigurationPlatforms) = postSolution
		{CA68061E-4011-4025-A20D-127D7B9DF8DC}.Debug|Any CPU.ActiveCfg = Debug|Any CPU
		{CA68061E-4011-4025-A20D-127D7B9DF8DC}.Debug|Any CPU.Build.0 = Debug|Any CPU
		{CA68061E-4011-4025-A20D-127D7B9DF8DC}.Release|Any CPU.ActiveCfg = Release|Any CPU
		{CA68061E-4011-4025-A20D-127D7B9DF8DC}.Release|Any CPU.Build.0 = Release|Any CPU
		{2B80CC6D-643A-4D75-9E1A-D573C7DBABE2}.Debug|Any CPU.ActiveCfg = Debug|Any CPU
		{2B80CC6D-643A-4D75-9E1A-D573C7DBABE2}.Debug|Any CPU.Build.0 = Debug|Any CPU
		{2B80CC6D-643A-4D75-9E1A-D573C7DBABE2}.Release|Any CPU.ActiveCfg = Release|Any CPU
		{2B80CC6D-643A-4D75-9E1A-D573C7DBABE2}.Release|Any CPU.Build.0 = Release|Any CPU
		{5F80EA83-A8BE-41FC-8409-46C8CE0B11CD}.Debug|Any CPU.ActiveCfg = Debug|Any CPU
		{5F80EA83-A8BE-41FC-8409-46C8CE0B11CD}.Debug|Any CPU.Build.0 = Debug|Any CPU
		{5F80EA83-A8BE-41FC-8409-46C8CE0B11CD}.Release|Any CPU.ActiveCfg = Release|Any CPU
		{5F80EA83-A8BE-41FC-8409-46C8CE0B11CD}.Release|Any CPU.Build.0 = Release|Any CPU
		{B38E27C2-D791-4C32-841E-B631B76A2634}.Debug|Any CPU.ActiveCfg = Debug|Any CPU
		{B38E27C2-D791-4C32-841E-B631B76A2634}.Debug|Any CPU.Build.0 = Debug|Any CPU
		{B38E27C2-D791-4C32-841E-B631B76A2634}.Release|Any CPU.ActiveCfg = Release|Any CPU
		{B38E27C2-D791-4C32-841E-B631B76A2634}.Release|Any CPU.Build.0 = Release|Any CPU
		{F33B9F7A-62AA-4AA7-8D6B-926CAF15ACC1}.Debug|Any CPU.ActiveCfg = Debug|Any CPU
		{F33B9F7A-62AA-4AA7-8D6B-926CAF15ACC1}.Debug|Any CPU.Build.0 = Debug|Any CPU
		{F33B9F7A-62AA-4AA7-8D6B-926CAF15ACC1}.Release|Any CPU.ActiveCfg = Release|Any CPU
		{F33B9F7A-62AA-4AA7-8D6B-926CAF15ACC1}.Release|Any CPU.Build.0 = Release|Any CPU
		{B4F560A0-3056-4558-9F8C-5741B9865A6F}.Debug|Any CPU.ActiveCfg = Debug|Any CPU
		{B4F560A0-3056-4558-9F8C-5741B9865A6F}.Debug|Any CPU.Build.0 = Debug|Any CPU
		{B4F560A0-3056-4558-9F8C-5741B9865A6F}.Release|Any CPU.ActiveCfg = Release|Any CPU
		{B4F560A0-3056-4558-9F8C-5741B9865A6F}.Release|Any CPU.Build.0 = Release|Any CPU
		{D18ACDB6-8915-4280-8B40-BDABE8A60487}.Debug|Any CPU.ActiveCfg = Debug|Any CPU
		{D18ACDB6-8915-4280-8B40-BDABE8A60487}.Debug|Any CPU.Build.0 = Debug|Any CPU
		{D18ACDB6-8915-4280-8B40-BDABE8A60487}.Release|Any CPU.ActiveCfg = Release|Any CPU
		{D18ACDB6-8915-4280-8B40-BDABE8A60487}.Release|Any CPU.Build.0 = Release|Any CPU
		{6836C1C6-B345-42E8-85BF-C250AEB87E96}.Debug|Any CPU.ActiveCfg = Debug|Any CPU
		{6836C1C6-B345-42E8-85BF-C250AEB87E96}.Debug|Any CPU.Build.0 = Debug|Any CPU
		{6836C1C6-B345-42E8-85BF-C250AEB87E96}.Release|Any CPU.ActiveCfg = Release|Any CPU
		{6836C1C6-B345-42E8-85BF-C250AEB87E96}.Release|Any CPU.Build.0 = Release|Any CPU
		{D279BF33-2923-475F-9CAF-119E2CEF2D2C}.Debug|Any CPU.ActiveCfg = Debug|Any CPU
		{D279BF33-2923-475F-9CAF-119E2CEF2D2C}.Debug|Any CPU.Build.0 = Debug|Any CPU
		{D279BF33-2923-475F-9CAF-119E2CEF2D2C}.Release|Any CPU.ActiveCfg = Release|Any CPU
		{D279BF33-2923-475F-9CAF-119E2CEF2D2C}.Release|Any CPU.Build.0 = Release|Any CPU
		{9A9B1ABD-DFF8-4224-A86B-199FBA4F525F}.Debug|Any CPU.ActiveCfg = Debug|Any CPU
		{9A9B1ABD-DFF8-4224-A86B-199FBA4F525F}.Debug|Any CPU.Build.0 = Debug|Any CPU
		{9A9B1ABD-DFF8-4224-A86B-199FBA4F525F}.Release|Any CPU.ActiveCfg = Release|Any CPU
		{9A9B1ABD-DFF8-4224-A86B-199FBA4F525F}.Release|Any CPU.Build.0 = Release|Any CPU
	EndGlobalSection
	GlobalSection(SolutionProperties) = preSolution
		HideSolutionNode = FALSE
	EndGlobalSection
	GlobalSection(NestedProjects) = preSolution
		{CA68061E-4011-4025-A20D-127D7B9DF8DC} = {02EA681E-C7D8-13C7-8484-4AC65E1B71E8}
		{2B80CC6D-643A-4D75-9E1A-D573C7DBABE2} = {27FD5F3C-25DA-4866-B6DD-4354588FC1CE}
		{5F80EA83-A8BE-41FC-8409-46C8CE0B11CD} = {27FD5F3C-25DA-4866-B6DD-4354588FC1CE}
		{B38E27C2-D791-4C32-841E-B631B76A2634} = {27FD5F3C-25DA-4866-B6DD-4354588FC1CE}
		{F33B9F7A-62AA-4AA7-8D6B-926CAF15ACC1} = {27FD5F3C-25DA-4866-B6DD-4354588FC1CE}
		{B4F560A0-3056-4558-9F8C-5741B9865A6F} = {5C0074DA-302D-492D-A491-9F707BB2B8BC}
		{D18ACDB6-8915-4280-8B40-BDABE8A60487} = {27FD5F3C-25DA-4866-B6DD-4354588FC1CE}
		{6836C1C6-B345-42E8-85BF-C250AEB87E96} = {4952E7C2-2C52-47CF-8894-458CD6C822D1}
		{D279BF33-2923-475F-9CAF-119E2CEF2D2C} = {27FD5F3C-25DA-4866-B6DD-4354588FC1CE}
		{9A9B1ABD-DFF8-4224-A86B-199FBA4F525F} = {27FD5F3C-25DA-4866-B6DD-4354588FC1CE}
	EndGlobalSection
	GlobalSection(ExtensibilityGlobals) = postSolution
		SolutionGuid = {5E0B5F0C-2365-4DEC-87E5-8BE0AA83A45B}
	EndGlobalSection
EndGlobal
